
Microsoft Visual Studio Solution File, Format Version 12.00
# Visual Studio Version 17
VisualStudioVersion = 17.11.35312.102
MinimumVisualStudioVersion = 10.0.40219.1
Project("{FAE04EC0-301F-11D3-BF4B-00C04F79EFBC}") = "Uni_Manager", "Uni_Manager\Uni_Manager.csproj", "{32B9D9DF-E4D1-457F-950E-B76F0052A2EA}"
EndProject
Global
	GlobalSection(SolutionConfigurationPlatforms) = preSolution
		Debug|Any CPU = Debug|Any CPU
		Release|Any CPU = Release|Any CPU
	EndGlobalSection
	GlobalSection(ProjectConfigurationPlatforms) = postSolution
		{32B9D9DF-E4D1-457F-950E-B76F0052A2EA}.Debug|Any CPU.ActiveCfg = Debug|Any CPU
		{32B9D9DF-E4D1-457F-950E-B76F0052A2EA}.Debug|Any CPU.Build.0 = Debug|Any CPU
		{32B9D9DF-E4D1-457F-950E-B76F0052A2EA}.Release|Any CPU.ActiveCfg = Release|Any CPU
		{32B9D9DF-E4D1-457F-950E-B76F0052A2EA}.Release|Any CPU.Build.0 = Release|Any CPU
	EndGlobalSection
	GlobalSection(SolutionProperties) = preSolution
		HideSolutionNode = FALSE
	EndGlobalSection
	GlobalSection(ExtensibilityGlobals) = postSolution
		SolutionGuid = {479E6861-5EBC-4500-BC5B-0B729964AB7A}
	EndGlobalSection
EndGlobal
